
Microsoft Visual Studio Solution File, Format Version 12.00
# Visual Studio 14
VisualStudioVersion = 14.0.25420.1
MinimumVisualStudioVersion = 10.0.40219.1
Project("{FAE04EC0-301F-11D3-BF4B-00C04F79EFBC}") = "T13_CustomFilter", "T13_CustomFilter\T13_CustomFilter.csproj", "{95D77ADF-DE0D-49EC-8698-4FCC1E8A6C63}"
EndProject
Global
	GlobalSection(SolutionConfigurationPlatforms) = preSolution
		Debug|Any CPU = Debug|Any CPU
		Release|Any CPU = Release|Any CPU
	EndGlobalSection
	GlobalSection(ProjectConfigurationPlatforms) = postSolution
		{95D77ADF-DE0D-49EC-8698-4FCC1E8A6C63}.Debug|Any CPU.ActiveCfg = Debug|Any CPU
		{95D77ADF-DE0D-49EC-8698-4FCC1E8A6C63}.Debug|Any CPU.Build.0 = Debug|Any CPU
		{95D77ADF-DE0D-49EC-8698-4FCC1E8A6C63}.Release|Any CPU.ActiveCfg = Release|Any CPU
		{95D77ADF-DE0D-49EC-8698-4FCC1E8A6C63}.Release|Any CPU.Build.0 = Release|Any CPU
	EndGlobalSection
	GlobalSection(SolutionProperties) = preSolution
		HideSolutionNode = FALSE
	EndGlobalSection
EndGlobal
